
Microsoft Visual Studio Solution File, Format Version 12.00
# Visual Studio Version 17
VisualStudioVersion = 17.4.33122.133
MinimumVisualStudioVersion = 10.0.40219.1
Project("{FAE04EC0-301F-11D3-BF4B-00C04F79EFBC}") = "DataStructures", "DataStructures\DataStructures.csproj", "{A0FF4C74-C598-4DEB-A880-64C95A768ABB}"
EndProject
Project("{FAE04EC0-301F-11D3-BF4B-00C04F79EFBC}") = "DataStructures.Logic", "DataStructures.Logic\DataStructures.Logic.csproj", "{A1753CDA-A96A-48FC-9295-ACC38F8D0123}"
EndProject
Global
	GlobalSection(SolutionConfigurationPlatforms) = preSolution
		Debug|Any CPU = Debug|Any CPU
		Release|Any CPU = Release|Any CPU
	EndGlobalSection
	GlobalSection(ProjectConfigurationPlatforms) = postSolution
		{A0FF4C74-C598-4DEB-A880-64C95A768ABB}.Debug|Any CPU.ActiveCfg = Debug|Any CPU
		{A0FF4C74-C598-4DEB-A880-64C95A768ABB}.Debug|Any CPU.Build.0 = Debug|Any CPU
		{A0FF4C74-C598-4DEB-A880-64C95A768ABB}.Release|Any CPU.ActiveCfg = Release|Any CPU
		{A0FF4C74-C598-4DEB-A880-64C95A768ABB}.Release|Any CPU.Build.0 = Release|Any CPU
		{A1753CDA-A96A-48FC-9295-ACC38F8D0123}.Debug|Any CPU.ActiveCfg = Debug|Any CPU
		{A1753CDA-A96A-48FC-9295-ACC38F8D0123}.Debug|Any CPU.Build.0 = Debug|Any CPU
		{A1753CDA-A96A-48FC-9295-ACC38F8D0123}.Release|Any CPU.ActiveCfg = Release|Any CPU
		{A1753CDA-A96A-48FC-9295-ACC38F8D0123}.Release|Any CPU.Build.0 = Release|Any CPU
	EndGlobalSection
	GlobalSection(SolutionProperties) = preSolution
		HideSolutionNode = FALSE
	EndGlobalSection
	GlobalSection(ExtensibilityGlobals) = postSolution
		SolutionGuid = {430B3D38-1FE5-429E-BEC5-4171093383DA}
	EndGlobalSection
EndGlobal
